Microsoft Visual Studio Solution File, Format Version 12.00
# Visual Studio Version 17
VisualStudioVersion = 17.5.2.0
MinimumVisualStudioVersion = 10.0.40219.1
Project("{FAE04EC0-301F-11D3-BF4B-00C04F79EFBC}") = "JellyfinUtilityAgent", "JellyfinUtilityAgent.csproj", "{451C3A9A-2C72-A5DB-3DF7-F9EBD6B5E1AC}"
EndProject
Global
	GlobalSection(SolutionConfigurationPlatforms) = preSolution
		Debug|Any CPU = Debug|Any CPU
		Release|Any CPU = Release|Any CPU
	EndGlobalSection
	GlobalSection(ProjectConfigurationPlatforms) = postSolution
		{451C3A9A-2C72-A5DB-3DF7-F9EBD6B5E1AC}.Debug|Any CPU.ActiveCfg = Debug|Any CPU
		{451C3A9A-2C72-A5DB-3DF7-F9EBD6B5E1AC}.Debug|Any CPU.Build.0 = Debug|Any CPU
		{451C3A9A-2C72-A5DB-3DF7-F9EBD6B5E1AC}.Release|Any CPU.ActiveCfg = Release|Any CPU
		{451C3A9A-2C72-A5DB-3DF7-F9EBD6B5E1AC}.Release|Any CPU.Build.0 = Release|Any CPU
	EndGlobalSection
	GlobalSection(SolutionProperties) = preSolution
		HideSolutionNode = FALSE
	EndGlobalSection
	GlobalSection(ExtensibilityGlobals) = postSolution
		SolutionGuid = {34B79471-532B-4D1C-AC5F-CFB00B0CEE86}
	EndGlobalSection
EndGlobal
